// !$*UTF8*$!
{
	archiveVersion = 1;
	classes = {
	};
	objectVersion = 50;
	objects = {

/* Begin PBXBuildFile section */
		951ACC9926C3A509009CF79E /* TicTacToeOnlineApp.swift in Sources */ = {isa = PBXBuildFile; fileRef = 951ACC9826C3A509009CF79E /* TicTacToeOnlineApp.swift */; };
		951ACC9B26C3A509009CF79E /* HomeView.swift in Sources */ = {isa = PBXBuildFile; fileRef = 951ACC9A26C3A509009CF79E /* HomeView.swift */; };
		951ACC9D26C3A50C009CF79E /* Assets.xcassets in Resources */ = {isa = PBXBuildFile; fileRef = 951ACC9C26C3A50C009CF79E /* Assets.xcassets */; };
		951ACCA026C3A50C009CF79E /* Preview Assets.xcassets in Resources */ = {isa = PBXBuildFile; fileRef = 951ACC9F26C3A50C009CF79E /* Preview Assets.xcassets */; };
		951ACCA826C3A74F009CF79E /* GameView.swift in Sources */ = {isa = PBXBuildFile; fileRef = 951ACCA726C3A74F009CF79E /* GameView.swift */; };
		951ACCAA26C3A8E7009CF79E /* GameButton.swift in Sources */ = {isa = PBXBuildFile; fileRef = 951ACCA926C3A8E7009CF79E /* GameButton.swift */; };
		951ACCAC26C3A9A1009CF79E /* HomeViewModel.swift in Sources */ = {isa = PBXBuildFile; fileRef = 951ACCAB26C3A9A1009CF79E /* HomeViewModel.swift */; };
/* End PBXBuildFile section */

/* Begin PBXFileReference section */
		951ACC9526C3A509009CF79E /* TicTacToeOnline.app */ = {isa = PBXFileReference; explicitFileType = wrapper.application; includeInIndex = 0; path = TicTacToeOnline.app; sourceTree = BUILT_PRODUCTS_DIR; };
		951ACC9826C3A509009CF79E /* TicTacToeOnlineApp.swift */ = {isa = PBXFileReference; lastKnownFileType = sourcecode.swift; path = TicTacToeOnlineApp.swift; sourceTree = "<group>"; };
		951ACC9A26C3A509009CF79E /* HomeView.swift */ = {isa = PBXFileReference; lastKnownFileType = sourcecode.swift; path = HomeView.swift; sourceTree = "<group>"; };
		951ACC9C26C3A50C009CF79E /* Assets.xcassets */ = {isa = PBXFileReference; lastKnownFileType = folder.assetcatalog; path = Assets.xcassets; sourceTree = "<group>"; };
		951ACC9F26C3A50C009CF79E /* Preview Assets.xcassets */ = {isa = PBXFileReference; lastKnownFileType = folder.assetcatalog; path = "Preview Assets.xcassets"; sourceTree = "<group>"; };
		951ACCA126C3A50C009CF79E /* Info.plist */ = {isa = PBXFileReference; lastKnownFileType = text.plist.xml; path = Info.plist; sourceTree = "<group>"; };
		951ACCA726C3A74F009CF79E /* GameView.swift */ = {isa = PBXFileReference; lastKnownFileType = sourcecode.swift; path = GameView.swift; sourceTree = "<group>"; };
		951ACCA926C3A8E7009CF79E /* GameButton.swift */ = {isa = PBXFileReference; lastKnownFileType = sourcecode.swift; path = GameButton.swift; sourceTree = "<group>"; };
		951ACCAB26C3A9A1009CF79E /* HomeViewModel.swift */ = {isa = PBXFileReference; lastKnownFileType = sourcecode.swift; path = HomeViewModel.swift; sourceTree = "<group>"; };
/* End PBXFileReference section */

/* Begin PBXFrameworksBuildPhase section */
		951ACC9226C3A509009CF79E /* Frameworks */ = {
			isa = PBXFrameworksBuildPhase;
			buildActionMask = 2147483647;
			files = (
			);
			runOnlyForDeploymentPostprocessing = 0;
		};
/* End PBXFrameworksBuildPhase section */

/* Begin PBXGroup section */
		951ACC8C26C3A509009CF79E = {
			isa = PBXGroup;
			children = (
				951ACC9726C3A509009CF79E /* TicTacToeOnline */,
				951ACC9626C3A509009CF79E /* Products */,
			);
			sourceTree = "<group>";
		};
		951ACC9626C3A509009CF79E /* Products */ = {
			isa = PBXGroup;
			children = (
				951ACC9526C3A509009CF79E /* TicTacToeOnline.app */,
			);
			name = Products;
			sourceTree = "<group>";
		};
		951ACC9726C3A509009CF79E /* TicTacToeOnline */ = {
			isa = PBXGroup;
			children = (
				951ACC9826C3A509009CF79E /* TicTacToeOnlineApp.swift */,
				951ACCAF26C3AB8F009CF79E /* Views */,
				951ACC9C26C3A50C009CF79E /* Assets.xcassets */,
				951ACCA126C3A50C009CF79E /* Info.plist */,
				951ACC9E26C3A50C009CF79E /* Preview Content */,
			);
			path = TicTacToeOnline;
			sourceTree = "<group>";
		};
		951ACC9E26C3A50C009CF79E /* Preview Content */ = {
			isa = PBXGroup;
			children = (
				951ACC9F26C3A50C009CF79E /* Preview Assets.xcassets */,
			);
			path = "Preview Content";
			sourceTree = "<group>";
		};
		951ACCAD26C3AB63009CF79E /* HomeView */ = {
			isa = PBXGroup;
			children = (
				951ACC9A26C3A509009CF79E /* HomeView.swift */,
				951ACCAB26C3A9A1009CF79E /* HomeViewModel.swift */,
			);
			path = HomeView;
			sourceTree = "<group>";
		};
		951ACCAE26C3AB74009CF79E /* GameView */ = {
			isa = PBXGroup;
			children = (
				951ACCA726C3A74F009CF79E /* GameView.swift */,
			);
			path = GameView;
			sourceTree = "<group>";
		};
		951ACCAF26C3AB8F009CF79E /* Views */ = {
			isa = PBXGroup;
			children = (
				951ACCB026C3ABAF009CF79E /* SecondaryViews */,
				951ACCAD26C3AB63009CF79E /* HomeView */,
				951ACCAE26C3AB74009CF79E /* GameView */,
			);
			path = Views;
			sourceTree = "<group>";
		};
		951ACCB026C3ABAF009CF79E /* SecondaryViews */ = {
			isa = PBXGroup;
			children = (
				951ACCA926C3A8E7009CF79E /* GameButton.swift */,
			);
			path = SecondaryViews;
			sourceTree = "<group>";
		};
/* End PBXGroup section */

/* Begin PBXNativeTarget section */
		951ACC9426C3A509009CF79E /* TicTacToeOnline */ = {
			isa = PBXNativeTarget;
			buildConfigurationList = 951ACCA426C3A50C009CF79E /* Build configuration list for PBXNativeTarget "TicTacToeOnline" */;
			buildPhases = (
				951ACC9126C3A509009CF79E /* Sources */,
				951ACC9226C3A509009CF79E /* Frameworks */,
				951ACC9326C3A509009CF79E /* Resources */,
			);
			buildRules = (
			);
			dependencies = (
			);
			name = TicTacToeOnline;
			productName = TicTacToeOnline;
			productReference = 951ACC9526C3A509009CF79E /* TicTacToeOnline.app */;
			productType = "com.apple.product-type.application";
		};
/* End PBXNativeTarget section */

/* Begin PBXProject section */
		951ACC8D26C3A509009CF79E /* Project object */ = {
			isa = PBXProject;
			attributes = {
				LastSwiftUpdateCheck = 1250;
				LastUpgradeCheck = 1250;
				TargetAttributes = {
					951ACC9426C3A509009CF79E = {
						CreatedOnToolsVersion = 12.5.1;
					};
				};
			};
			buildConfigurationList = 951ACC9026C3A509009CF79E /* Build configuration list for PBXProject "TicTacToeOnline" */;
			compatibilityVersion = "Xcode 9.3";
			developmentRegion = en;
			hasScannedForEncodings = 0;
			knownRegions = (
				en,
				Base,
			);
			mainGroup = 951ACC8C26C3A509009CF79E;
			productRefGroup = 951ACC9626C3A509009CF79E /* Products */;
			projectDirPath = "";
			projectRoot = "";
			targets = (
				951ACC9426C3A509009CF79E /* TicTacToeOnline */,
			);
		};
/* End PBXProject section */

/* Begin PBXResourcesBuildPhase section */
		951ACC9326C3A509009CF79E /* Resources */ = {
			isa = PBXResourcesBuildPhase;
			buildActionMask = 2147483647;
			files = (
				951ACCA026C3A50C009CF79E /* Preview Assets.xcassets in Resources */,
				951ACC9D26C3A50C009CF79E /* Assets.xcassets in Resources */,
			);
			runOnlyForDeploymentPostprocessing = 0;
		};
/* End PBXResourcesBuildPhase section */

/* Begin PBXSourcesBuildPhase section */
		951ACC9126C3A509009CF79E /* Sources */ = {
			isa = PBXSourcesBuildPhase;
			buildActionMask = 2147483647;
			files = (
				951ACC9B26C3A509009CF79E /* HomeView.swift in Sources */,
				951ACCAA26C3A8E7009CF79E /* GameButton.swift in Sources */,
				951ACCA826C3A74F009CF79E /* GameView.swift in Sources */,
				951ACCAC26C3A9A1009CF79E /* HomeViewModel.swift in Sources */,
				951ACC9926C3A509009CF79E /* TicTacToeOnlineApp.swift in Sources */,
			);
			runOnlyForDeploymentPostprocessing = 0;
		};
/* End PBXSourcesBuildPhase section */

/* Begin XCBuildConfiguration section */
		951ACCA226C3A50C009CF79E /* Debug */ = {
			isa = XCBuildConfiguration;
			buildSettings = {
				ALWAYS_SEARCH_USER_PATHS = NO;
				CLANG_ANALYZER_NONNULL = YES;
				CLANG_ANALYZER_NUMBER_OBJECT_CONVERSION = YES_AGGRESSIVE;
				CLANG_CXX_LANGUAGE_STANDARD = "gnu++14";
				CLANG_CXX_LIBRARY = "libc++";
				CLANG_ENABLE_MODULES = YES;
				CLANG_ENABLE_OBJC_ARC = YES;
				CLANG_ENABLE_OBJC_WEAK = YES;
				CLANG_WARN_BLOCK_CAPTURE_AUTORELEASING = YES;
				CLANG_WARN_BOOL_CONVERSION = YES;
				CLANG_WARN_COMMA = YES;
				CLANG_WARN_CONSTANT_CONVERSION = YES;
				CLANG_WARN_DEPRECATED_OBJC_IMPLEMENTATIONS = YES;
				CLANG_WARN_DIRECT_OBJC_ISA_USAGE = YES_ERROR;
				CLANG_WARN_DOCUMENTATION_COMMENTS = YES;
				CLANG_WARN_EMPTY_BODY = YES;
				CLANG_WARN_ENUM_CONVERSION = YES;
				CLANG_WARN_INFINITE_RECURSION = YES;
				CLANG_WARN_INT_CONVERSION = YES;
				CLANG_WARN_NON_LITERAL_NULL_CONVERSION = YES;
				CLANG_WARN_OBJC_IMPLICIT_RETAIN_SELF = YES;
				CLANG_WARN_OBJC_LITERAL_CONVERSION = YES;
				CLANG_WARN_OBJC_ROOT_CLASS = YES_ERROR;
				CLANG_WARN_QUOTED_INCLUDE_IN_FRAMEWORK_HEADER = YES;
				CLANG_WARN_RANGE_LOOP_ANALYSIS = YES;
				CLANG_WARN_STRICT_PROTOTYPES = YES;
				CLANG_WARN_SUSPICIOUS_MOVE = YES;
				CLANG_WARN_UNGUARDED_AVAILABILITY = YES_AGGRESSIVE;
				CLANG_WARN_UNREACHABLE_CODE = YES;
				CLANG_WARN__DUPLICATE_METHOD_MATCH = YES;
				COPY_PHASE_STRIP = NO;
				DEBUG_INFORMATION_FORMAT = dwarf;
				ENABLE_STRICT_OBJC_MSGSEND = YES;
				ENABLE_TESTABILITY = YES;
				GCC_C_LANGUAGE_STANDARD = gnu11;
				GCC_DYNAMIC_NO_PIC = NO;
				GCC_NO_COMMON_BLOCKS = YES;
				GCC_OPTIMIZATION_LEVEL = 0;
				GCC_PREPROCESSOR_DEFINITIONS = (
					"DEBUG=1",
					"$(inherited)",
				);
				GCC_WARN_64_TO_32_BIT_CONVERSION = YES;
				GCC_WARN_ABOUT_RETURN_TYPE = YES_ERROR;
				GCC_WARN_UNDECLARED_SELECTOR = YES;
				GCC_WARN_UNINITIALIZED_AUTOS = YES_AGGRESSIVE;
				GCC_WARN_UNUSED_FUNCTION = YES;
				GCC_WARN_UNUSED_VARIABLE = YES;
				IPHONEOS_DEPLOYMENT_TARGET = 14.5;
				MTL_ENABLE_DEBUG_INFO = INCLUDE_SOURCE;
				MTL_FAST_MATH = YES;
				ONLY_ACTIVE_ARCH = YES;
				SDKROOT = iphoneos;
				SWIFT_ACTIVE_COMPILATION_CONDITIONS = DEBUG;
				SWIFT_OPTIMIZATION_LEVEL = "-Onone";
			};
			name = Debug;
		};
		951ACCA326C3A50C009CF79E /* Release */ = {
			isa = XCBuildConfiguration;
			buildSettings = {
				ALWAYS_SEARCH_USER_PATHS = NO;
				CLANG_ANALYZER_NONNULL = YES;
				CLANG_ANALYZER_NUMBER_OBJECT_CONVERSION = YES_AGGRESSIVE;
				CLANG_CXX_LANGUAGE_STANDARD = "gnu++14";
				CLANG_CXX_LIBRARY = "libc++";
				CLANG_ENABLE_MODULES = YES;
				CLANG_ENABLE_OBJC_ARC = YES;
				CLANG_ENABLE_OBJC_WEAK = YES;
				CLANG_WARN_BLOCK_CAPTURE_AUTORELEASING = YES;
				CLANG_WARN_BOOL_CONVERSION = YES;
				CLANG_WARN_COMMA = YES;
				CLANG_WARN_CONSTANT_CONVERSION = YES;
				CLANG_WARN_DEPRECATED_OBJC_IMPLEMENTATIONS = YES;
				CLANG_WARN_DIRECT_OBJC_ISA_USAGE = YES_ERROR;
				CLANG_WARN_DOCUMENTATION_COMMENTS = YES;
				CLANG_WARN_EMPTY_BODY = YES;
				CLANG_WARN_ENUM_CONVERSION = YES;
				CLANG_WARN_INFINITE_RECURSION = YES;
				CLANG_WARN_INT_CONVERSION = YES;
				CLANG_WARN_NON_LITERAL_NULL_CONVERSION = YES;
				CLANG_WARN_OBJC_IMPLICIT_RETAIN_SELF = YES;
				CLANG_WARN_OBJC_LITERAL_CONVERSION = YES;
				CLANG_WARN_OBJC_ROOT_CLASS = YES_ERROR;
				CLANG_WARN_QUOTED_INCLUDE_IN_FRAMEWORK_HEADER = YES;
				CLANG_WARN_RANGE_LOOP_ANALYSIS = YES;
				CLANG_WARN_STRICT_PROTOTYPES = YES;
				CLANG_WARN_SUSPICIOUS_MOVE = YES;
				CLANG_WARN_UNGUARDED_AVAILABILITY = YES_AGGRESSIVE;
				CLANG_WARN_UNREACHABLE_CODE = YES;
				CLANG_WARN__DUPLICATE_METHOD_MATCH = YES;
				COPY_PHASE_STRIP = NO;
				DEBUG_INFORMATION_FORMAT = "dwarf-with-dsym";
				ENABLE_NS_ASSERTIONS = NO;
				ENABLE_STRICT_OBJC_MSGSEND = YES;
				GCC_C_LANGUAGE_STANDARD = gnu11;
				GCC_NO_COMMON_BLOCKS = YES;
				GCC_WARN_64_TO_32_BIT_CONVERSION = YES;
				GCC_WARN_ABOUT_RETURN_TYPE = YES_ERROR;
				GCC_WARN_UNDECLARED_SELECTOR = YES;
				GCC_WARN_UNINITIALIZED_AUTOS = YES_AGGRESSIVE;
				GCC_WARN_UNUSED_FUNCTION = YES;
				GCC_WARN_UNUSED_VARIABLE = YES;
				IPHONEOS_DEPLOYMENT_TARGET = 14.5;
				MTL_ENABLE_DEBUG_INFO = NO;
				MTL_FAST_MATH = YES;
				SDKROOT = iphoneos;
				SWIFT_COMPILATION_MODE = wholemodule;
				SWIFT_OPTIMIZATION_LEVEL = "-O";
				VALIDATE_PRODUCT = YES;
			};
			name = Release;
		};
		951ACCA526C3A50C009CF79E /* Debug */ = {
			isa = XCBuildConfiguration;
			buildSettings = {
				ASSETCATALOG_COMPILER_APPICON_NAME = AppIcon;
				ASSETCATALOG_COMPILER_GLOBAL_ACCENT_COLOR_NAME = AccentColor;
				CODE_SIGN_STYLE = Automatic;
				DEVELOPMENT_ASSET_PATHS = "\"TicTacToeOnline/Preview Content\"";
				DEVELOPMENT_TEAM = L8W86DZDY2;
				ENABLE_PREVIEWS = YES;
				INFOPLIST_FILE = TicTacToeOnline/Info.plist;
				IPHONEOS_DEPLOYMENT_TARGET = 14.0;
				LD_RUNPATH_SEARCH_PATHS = (
					"$(inherited)",
					"@executable_path/Frameworks",
				);
				PRODUCT_BUNDLE_IDENTIFIER = com.ri.TicTacToeOnline;
				PRODUCT_NAME = "$(TARGET_NAME)";
				SWIFT_VERSION = 5.0;
				TARGETED_DEVICE_FAMILY = "1,2";
			};
			name = Debug;
		};
		951ACCA626C3A50C009CF79E /* Release */ = {
			isa = XCBuildConfiguration;
			buildSettings = {
				ASSETCATALOG_COMPILER_APPICON_NAME = AppIcon;
				ASSETCATALOG_COMPILER_GLOBAL_ACCENT_COLOR_NAME = AccentColor;
				CODE_SIGN_STYLE = Automatic;
				DEVELOPMENT_ASSET_PATHS = "\"TicTacToeOnline/Preview Content\"";
				DEVELOPMENT_TEAM = L8W86DZDY2;
				ENABLE_PREVIEWS = YES;
				INFOPLIST_FILE = TicTacToeOnline/Info.plist;
				IPHONEOS_DEPLOYMENT_TARGET = 14.0;
				LD_RUNPATH_SEARCH_PATHS = (
					"$(inherited)",
					"@executable_path/Frameworks",
				);
				PRODUCT_BUNDLE_IDENTIFIER = com.ri.TicTacToeOnline;
				PRODUCT_NAME = "$(TARGET_NAME)";
				SWIFT_VERSION = 5.0;
				TARGETED_DEVICE_FAMILY = "1,2";
			};
			name = Release;
		};
/* End XCBuildConfiguration section */

/* Begin XCConfigurationList section */
		951ACC9026C3A509009CF79E /* Build configuration list for PBXProject "TicTacToeOnline" */ = {
			isa = XCConfigurationList;
			buildConfigurations = (
				951ACCA226C3A50C009CF79E /* Debug */,
				951ACCA326C3A50C009CF79E /* Release */,
			);
			defaultConfigurationIsVisible = 0;
			defaultConfigurationName = Release;
		};
		951ACCA426C3A50C009CF79E /* Build configuration list for PBXNativeTarget "TicTacToeOnline" */ = {
			isa = XCConfigurationList;
			buildConfigurations = (
				951ACCA526C3A50C009CF79E /* Debug */,
				951ACCA626C3A50C009CF79E /* Release */,
			);
			defaultConfigurationIsVisible = 0;
			defaultConfigurationName = Release;
		};
/* End XCConfigurationList section */
	};
	rootObject = 951ACC8D26C3A509009CF79E /* Project object */;
}
